
Microsoft Visual Studio Solution File, Format Version 12.00
# Visual Studio Version 17
VisualStudioVersion = 17.6.33829.357
MinimumVisualStudioVersion = 10.0.40219.1
Project("{FAE04EC0-301F-11D3-BF4B-00C04F79EFBC}") = "grpcBlazorClientWeb.Server", "grpcBlazorClientWeb\Server\grpcBlazorClientWeb.Server.csproj", "{92C95976-11C6-4E7A-9A67-DF9610748B2D}"
EndProject
Project("{FAE04EC0-301F-11D3-BF4B-00C04F79EFBC}") = "grpcBlazorClientWeb.Client", "grpcBlazorClientWeb\Client\grpcBlazorClientWeb.Client.csproj", "{28836821-BDFA-4202-8777-404862C73C25}"
EndProject
Project("{FAE04EC0-301F-11D3-BF4B-00C04F79EFBC}") = "grpcBlazorClientWeb.Shared", "grpcBlazorClientWeb\Shared\grpcBlazorClientWeb.Shared.csproj", "{A1D34A55-8EBD-4AF2-B791-93B4528D99C4}"
EndProject
Global
	GlobalSection(SolutionConfigurationPlatforms) = preSolution
		Debug|Any CPU = Debug|Any CPU
		Release|Any CPU = Release|Any CPU
	EndGlobalSection
	GlobalSection(ProjectConfigurationPlatforms) = postSolution
		{92C95976-11C6-4E7A-9A67-DF9610748B2D}.Debug|Any CPU.ActiveCfg = Debug|Any CPU
		{92C95976-11C6-4E7A-9A67-DF9610748B2D}.Debug|Any CPU.Build.0 = Debug|Any CPU
		{92C95976-11C6-4E7A-9A67-DF9610748B2D}.Release|Any CPU.ActiveCfg = Release|Any CPU
		{92C95976-11C6-4E7A-9A67-DF9610748B2D}.Release|Any CPU.Build.0 = Release|Any CPU
		{28836821-BDFA-4202-8777-404862C73C25}.Debug|Any CPU.ActiveCfg = Debug|Any CPU
		{28836821-BDFA-4202-8777-404862C73C25}.Debug|Any CPU.Build.0 = Debug|Any CPU
		{28836821-BDFA-4202-8777-404862C73C25}.Release|Any CPU.ActiveCfg = Release|Any CPU
		{28836821-BDFA-4202-8777-404862C73C25}.Release|Any CPU.Build.0 = Release|Any CPU
		{A1D34A55-8EBD-4AF2-B791-93B4528D99C4}.Debug|Any CPU.ActiveCfg = Debug|Any CPU
		{A1D34A55-8EBD-4AF2-B791-93B4528D99C4}.Debug|Any CPU.Build.0 = Debug|Any CPU
		{A1D34A55-8EBD-4AF2-B791-93B4528D99C4}.Release|Any CPU.ActiveCfg = Release|Any CPU
		{A1D34A55-8EBD-4AF2-B791-93B4528D99C4}.Release|Any CPU.Build.0 = Release|Any CPU
	EndGlobalSection
	GlobalSection(SolutionProperties) = preSolution
		HideSolutionNode = FALSE
	EndGlobalSection
	GlobalSection(ExtensibilityGlobals) = postSolution
		SolutionGuid = {B7913899-7484-424A-A237-7696F67792C5}
	EndGlobalSection
EndGlobal
